
Microsoft Visual Studio Solution File, Format Version 10.00
# Visual Studio 2008
Project("{FAE04EC0-301F-11D3-BF4B-00C04F79EFBC}") = "ModelToPxMesh", "ModelToPxMesh\ModelToPxMesh.csproj", "{0679C323-EC65-40FA-854A-780F1FE4A00B}"
	ProjectSection(ProjectDependencies) = postProject
		{8141A18B-2D5A-40A2-8CA4-C531C1FF8554} = {8141A18B-2D5A-40A2-8CA4-C531C1FF8554}
	EndProjectSection
EndProject
Project("{FAE04EC0-301F-11D3-BF4B-00C04F79EFBC}") = "Content", "Content\Content.contentproj", "{8141A18B-2D5A-40A2-8CA4-C531C1FF8554}"
EndProject
Project("{FAE04EC0-301F-11D3-BF4B-00C04F79EFBC}") = "XNAPhysXTools", "XNAPhysXTools\XNAPhysXTools.csproj", "{BA48709E-496D-4F67-88EA-3BDB69557617}"
EndProject
Project("{2150E333-8FDC-42A3-9474-1A3956D46DE8}") = "Solution Items", "Solution Items", "{E5D60AD9-2436-41CD-A943-C498E8521D60}"
	ProjectSection(SolutionItems) = preProject
		KnownIssues.txt = KnownIssues.txt
	EndProjectSection
EndProject
Global
	GlobalSection(SubversionScc) = preSolution
		Svn-Managed = True
		Manager = AnkhSVN - Subversion Support for Visual Studio
	EndGlobalSection
	GlobalSection(SolutionConfigurationPlatforms) = preSolution
		Debug|Any CPU = Debug|Any CPU
		Debug|Mixed Platforms = Debug|Mixed Platforms
		Debug|x86 = Debug|x86
		Release|Any CPU = Release|Any CPU
		Release|Mixed Platforms = Release|Mixed Platforms
		Release|x86 = Release|x86
	EndGlobalSection
	GlobalSection(ProjectConfigurationPlatforms) = postSolution
		{0679C323-EC65-40FA-854A-780F1FE4A00B}.Debug|Any CPU.ActiveCfg = Debug|x86
		{0679C323-EC65-40FA-854A-780F1FE4A00B}.Debug|Mixed Platforms.ActiveCfg = Debug|x86
		{0679C323-EC65-40FA-854A-780F1FE4A00B}.Debug|Mixed Platforms.Build.0 = Debug|x86
		{0679C323-EC65-40FA-854A-780F1FE4A00B}.Debug|x86.ActiveCfg = Debug|x86
		{0679C323-EC65-40FA-854A-780F1FE4A00B}.Debug|x86.Build.0 = Debug|x86
		{0679C323-EC65-40FA-854A-780F1FE4A00B}.Release|Any CPU.ActiveCfg = Release|x86
		{0679C323-EC65-40FA-854A-780F1FE4A00B}.Release|Mixed Platforms.ActiveCfg = Release|x86
		{0679C323-EC65-40FA-854A-780F1FE4A00B}.Release|Mixed Platforms.Build.0 = Release|x86
		{0679C323-EC65-40FA-854A-780F1FE4A00B}.Release|x86.ActiveCfg = Release|x86
		{0679C323-EC65-40FA-854A-780F1FE4A00B}.Release|x86.Build.0 = Release|x86
		{8141A18B-2D5A-40A2-8CA4-C531C1FF8554}.Debug|Any CPU.ActiveCfg = Debug|x86
		{8141A18B-2D5A-40A2-8CA4-C531C1FF8554}.Debug|Mixed Platforms.ActiveCfg = Debug|x86
		{8141A18B-2D5A-40A2-8CA4-C531C1FF8554}.Debug|Mixed Platforms.Build.0 = Debug|x86
		{8141A18B-2D5A-40A2-8CA4-C531C1FF8554}.Debug|x86.ActiveCfg = Debug|x86
		{8141A18B-2D5A-40A2-8CA4-C531C1FF8554}.Debug|x86.Build.0 = Debug|x86
		{8141A18B-2D5A-40A2-8CA4-C531C1FF8554}.Release|Any CPU.ActiveCfg = Release|x86
		{8141A18B-2D5A-40A2-8CA4-C531C1FF8554}.Release|Mixed Platforms.ActiveCfg = Release|x86
		{8141A18B-2D5A-40A2-8CA4-C531C1FF8554}.Release|Mixed Platforms.Build.0 = Release|x86
		{8141A18B-2D5A-40A2-8CA4-C531C1FF8554}.Release|x86.ActiveCfg = Release|x86
		{8141A18B-2D5A-40A2-8CA4-C531C1FF8554}.Release|x86.Build.0 = Release|x86
		{BA48709E-496D-4F67-88EA-3BDB69557617}.Debug|Any CPU.ActiveCfg = Debug|Any CPU
		{BA48709E-496D-4F67-88EA-3BDB69557617}.Debug|Any CPU.Build.0 = Debug|Any CPU
		{BA48709E-496D-4F67-88EA-3BDB69557617}.Debug|Mixed Platforms.ActiveCfg = Debug|Any CPU
		{BA48709E-496D-4F67-88EA-3BDB69557617}.Debug|Mixed Platforms.Build.0 = Debug|Any CPU
		{BA48709E-496D-4F67-88EA-3BDB69557617}.Debug|x86.ActiveCfg = Debug|Any CPU
		{BA48709E-496D-4F67-88EA-3BDB69557617}.Release|Any CPU.ActiveCfg = Release|Any CPU
		{BA48709E-496D-4F67-88EA-3BDB69557617}.Release|Any CPU.Build.0 = Release|Any CPU
		{BA48709E-496D-4F67-88EA-3BDB69557617}.Release|Mixed Platforms.ActiveCfg = Release|Any CPU
		{BA48709E-496D-4F67-88EA-3BDB69557617}.Release|Mixed Platforms.Build.0 = Release|Any CPU
		{BA48709E-496D-4F67-88EA-3BDB69557617}.Release|x86.ActiveCfg = Release|Any CPU
	EndGlobalSection
	GlobalSection(SolutionProperties) = preSolution
		HideSolutionNode = FALSE
	EndGlobalSection
EndGlobal
